
Microsoft Visual Studio Solution File, Format Version 12.00
# Visual Studio Version 17
VisualStudioVersion = 17.4.33213.308
MinimumVisualStudioVersion = 10.0.40219.1
Project("{9A19103F-16F7-4668-BE54-9A1E7A4F7556}") = "Fligth.Web", "Fligth.Web\Fligth.Web.csproj", "{D2C6BA09-90B9-494F-BFC9-5EFA4F1B5E42}"
EndProject
Project("{2150E333-8FDC-42A3-9474-1A3956D46DE8}") = "Data", "Data", "{F5BFECFE-B079-4224-9E94-D6AF2D8DE4B4}"
EndProject
Project("{9A19103F-16F7-4668-BE54-9A1E7A4F7556}") = "Fligth.Data", "Fligth.Data\Fligth.Data.csproj", "{4B514B85-4633-4AEA-85B9-7D60CBC69EC8}"
EndProject
Project("{9A19103F-16F7-4668-BE54-9A1E7A4F7556}") = "Fligth.Models", "Fligth.Models\Fligth.Models.csproj", "{25CAE869-40EE-42A6-B606-81D60C88A5BE}"
EndProject
Project("{2150E333-8FDC-42A3-9474-1A3956D46DE8}") = "Web", "Web", "{181A8836-64AE-48FF-806E-7F7F59A3FFF0}"
EndProject
Project("{FAE04EC0-301F-11D3-BF4B-00C04F79EFBC}") = "Fligth.Web.ViewModels", "Fligth.Web.ViewModels\Fligth.Web.ViewModels.csproj", "{5B364404-6C9C-4FF5-87C3-8E92E485FE9B}"
EndProject
Project("{2150E333-8FDC-42A3-9474-1A3956D46DE8}") = "Services", "Services", "{29CE3982-E961-45F6-A179-8423E3985ED3}"
EndProject
Project("{FAE04EC0-301F-11D3-BF4B-00C04F79EFBC}") = "Fligth.Services.Mapping", "Fligth.Services.Mapping\Fligth.Services.Mapping.csproj", "{927931D9-8093-4A97-833E-2369FFC60AE4}"
EndProject
Global
	GlobalSection(SolutionConfigurationPlatforms) = preSolution
		Debug|Any CPU = Debug|Any CPU
		Release|Any CPU = Release|Any CPU
	EndGlobalSection
	GlobalSection(ProjectConfigurationPlatforms) = postSolution
		{D2C6BA09-90B9-494F-BFC9-5EFA4F1B5E42}.Debug|Any CPU.ActiveCfg = Debug|Any CPU
		{D2C6BA09-90B9-494F-BFC9-5EFA4F1B5E42}.Debug|Any CPU.Build.0 = Debug|Any CPU
		{D2C6BA09-90B9-494F-BFC9-5EFA4F1B5E42}.Release|Any CPU.ActiveCfg = Release|Any CPU
		{D2C6BA09-90B9-494F-BFC9-5EFA4F1B5E42}.Release|Any CPU.Build.0 = Release|Any CPU
		{4B514B85-4633-4AEA-85B9-7D60CBC69EC8}.Debug|Any CPU.ActiveCfg = Debug|Any CPU
		{4B514B85-4633-4AEA-85B9-7D60CBC69EC8}.Debug|Any CPU.Build.0 = Debug|Any CPU
		{4B514B85-4633-4AEA-85B9-7D60CBC69EC8}.Release|Any CPU.ActiveCfg = Release|Any CPU
		{4B514B85-4633-4AEA-85B9-7D60CBC69EC8}.Release|Any CPU.Build.0 = Release|Any CPU
		{25CAE869-40EE-42A6-B606-81D60C88A5BE}.Debug|Any CPU.ActiveCfg = Debug|Any CPU
		{25CAE869-40EE-42A6-B606-81D60C88A5BE}.Debug|Any CPU.Build.0 = Debug|Any CPU
		{25CAE869-40EE-42A6-B606-81D60C88A5BE}.Release|Any CPU.ActiveCfg = Release|Any CPU
		{25CAE869-40EE-42A6-B606-81D60C88A5BE}.Release|Any CPU.Build.0 = Release|Any CPU
		{5B364404-6C9C-4FF5-87C3-8E92E485FE9B}.Debug|Any CPU.ActiveCfg = Debug|Any CPU
		{5B364404-6C9C-4FF5-87C3-8E92E485FE9B}.Debug|Any CPU.Build.0 = Debug|Any CPU
		{5B364404-6C9C-4FF5-87C3-8E92E485FE9B}.Release|Any CPU.ActiveCfg = Release|Any CPU
		{5B364404-6C9C-4FF5-87C3-8E92E485FE9B}.Release|Any CPU.Build.0 = Release|Any CPU
		{927931D9-8093-4A97-833E-2369FFC60AE4}.Debug|Any CPU.ActiveCfg = Debug|Any CPU
		{927931D9-8093-4A97-833E-2369FFC60AE4}.Debug|Any CPU.Build.0 = Debug|Any CPU
		{927931D9-8093-4A97-833E-2369FFC60AE4}.Release|Any CPU.ActiveCfg = Release|Any CPU
		{927931D9-8093-4A97-833E-2369FFC60AE4}.Release|Any CPU.Build.0 = Release|Any CPU
	EndGlobalSection
	GlobalSection(SolutionProperties) = preSolution
		HideSolutionNode = FALSE
	EndGlobalSection
	GlobalSection(NestedProjects) = preSolution
		{D2C6BA09-90B9-494F-BFC9-5EFA4F1B5E42} = {181A8836-64AE-48FF-806E-7F7F59A3FFF0}
		{4B514B85-4633-4AEA-85B9-7D60CBC69EC8} = {F5BFECFE-B079-4224-9E94-D6AF2D8DE4B4}
		{25CAE869-40EE-42A6-B606-81D60C88A5BE} = {F5BFECFE-B079-4224-9E94-D6AF2D8DE4B4}
		{5B364404-6C9C-4FF5-87C3-8E92E485FE9B} = {181A8836-64AE-48FF-806E-7F7F59A3FFF0}
		{927931D9-8093-4A97-833E-2369FFC60AE4} = {29CE3982-E961-45F6-A179-8423E3985ED3}
	EndGlobalSection
	GlobalSection(ExtensibilityGlobals) = postSolution
		SolutionGuid = {683CD3A5-D30D-48A5-B542-4D0A4983F73C}
	EndGlobalSection
EndGlobal
